
Microsoft Visual Studio Solution File, Format Version 12.00
# Visual Studio 15
VisualStudioVersion = 15.0.27428.2005
MinimumVisualStudioVersion = 10.0.40219.1
Project("{888888A0-9F3D-457C-B088-3A5042F75D52}") = "diabolo", "diabolo.pyproj", "{89FD2F08-30ED-42CB-9600-2BCA2B668F52}"
EndProject
Global
	GlobalSection(SolutionConfigurationPlatforms) = preSolution
		Debug|Any CPU = Debug|Any CPU
		Release|Any CPU = Release|Any CPU
	EndGlobalSection
	GlobalSection(ProjectConfigurationPlatforms) = postSolution
		{89FD2F08-30ED-42CB-9600-2BCA2B668F52}.Debug|Any CPU.ActiveCfg = Debug|Any CPU
		{89FD2F08-30ED-42CB-9600-2BCA2B668F52}.Release|Any CPU.ActiveCfg = Release|Any CPU
	EndGlobalSection
	GlobalSection(SolutionProperties) = preSolution
		HideSolutionNode = FALSE
	EndGlobalSection
	GlobalSection(ExtensibilityGlobals) = postSolution
		SolutionGuid = {A55544B0-4912-48D3-8D59-1EC9432990E1}
	EndGlobalSection
EndGlobal
